PODS:
  - Alamofire (5.4.3)
  - IQKeyboardManagerSwift (6.5.6)

DEPENDENCIES:
  - Alamofire (= 5.4.3)
  - IQKeyboardManagerSwift (= 6.5.6)

SPEC REPOS:
  trunk:
    - Alamofire
    - IQKeyboardManagerSwift

SPEC CHECKSUMS:
  Alamofire: e447a2774a40c996748296fa2c55112fdbbc42f9
  IQKeyboardManagerSwift: c7df9d2deb356c04522f5c4b7b6e4ce4d8ed94fe

PODFILE CHECKSUM: e8cf769d5e40e30fa22b4e3326b31f00425d9977

COCOAPODS: 1.11.2
